
Microsoft Visual Studio Solution File, Format Version 12.00
# Visual Studio Version 17
VisualStudioVersion = 17.11.35327.3
MinimumVisualStudioVersion = 10.0.40219.1
Project("{FAE04EC0-301F-11D3-BF4B-00C04F79EFBC}") = "Menu_completo", "Menu_completo.csproj", "{4DA101F3-402C-4785-96BC-6B8A61B0B9F5}"
EndProject
Project("{FAE04EC0-301F-11D3-BF4B-00C04F79EFBC}") = "PensiónEstudiantes", "..\..\..\PensiónEstudiantes\PensiónEstudiantes\PensiónEstudiantes.csproj", "{B2014044-F192-4A8B-9A73-22AD1CABF85C}"
EndProject
Global
	GlobalSection(SolutionConfigurationPlatforms) = preSolution
		Debug|Any CPU = Debug|Any CPU
		Release|Any CPU = Release|Any CPU
	EndGlobalSection
	GlobalSection(ProjectConfigurationPlatforms) = postSolution
		{4DA101F3-402C-4785-96BC-6B8A61B0B9F5}.Debug|Any CPU.ActiveCfg = Debug|Any CPU
		{4DA101F3-402C-4785-96BC-6B8A61B0B9F5}.Debug|Any CPU.Build.0 = Debug|Any CPU
		{4DA101F3-402C-4785-96BC-6B8A61B0B9F5}.Release|Any CPU.ActiveCfg = Release|Any CPU
		{4DA101F3-402C-4785-96BC-6B8A61B0B9F5}.Release|Any CPU.Build.0 = Release|Any CPU
		{B2014044-F192-4A8B-9A73-22AD1CABF85C}.Debug|Any CPU.ActiveCfg = Debug|Any CPU
		{B2014044-F192-4A8B-9A73-22AD1CABF85C}.Debug|Any CPU.Build.0 = Debug|Any CPU
		{B2014044-F192-4A8B-9A73-22AD1CABF85C}.Release|Any CPU.ActiveCfg = Release|Any CPU
		{B2014044-F192-4A8B-9A73-22AD1CABF85C}.Release|Any CPU.Build.0 = Release|Any CPU
	EndGlobalSection
	GlobalSection(SolutionProperties) = preSolution
		HideSolutionNode = FALSE
	EndGlobalSection
	GlobalSection(ExtensibilityGlobals) = postSolution
		SolutionGuid = {248B43AB-EB68-41F1-B61D-DB42E5D195A1}
	EndGlobalSection
EndGlobal
