
Microsoft Visual Studio Solution File, Format Version 12.00
# Visual Studio Version 17
VisualStudioVersion = 17.11.35327.3
MinimumVisualStudioVersion = 10.0.40219.1
Project("{FAE04EC0-301F-11D3-BF4B-00C04F79EFBC}") = "SumaDeNumero", "SumaDeNumero.csproj", "{DF86D701-B2BC-4647-8B6C-4E679DF55C5B}"
EndProject
Global
	GlobalSection(SolutionConfigurationPlatforms) = preSolution
		Debug|Any CPU = Debug|Any CPU
		Release|Any CPU = Release|Any CPU
	EndGlobalSection
	GlobalSection(ProjectConfigurationPlatforms) = postSolution
		{DF86D701-B2BC-4647-8B6C-4E679DF55C5B}.Debug|Any CPU.ActiveCfg = Debug|Any CPU
		{DF86D701-B2BC-4647-8B6C-4E679DF55C5B}.Debug|Any CPU.Build.0 = Debug|Any CPU
		{DF86D701-B2BC-4647-8B6C-4E679DF55C5B}.Release|Any CPU.ActiveCfg = Release|Any CPU
		{DF86D701-B2BC-4647-8B6C-4E679DF55C5B}.Release|Any CPU.Build.0 = Release|Any CPU
	EndGlobalSection
	GlobalSection(SolutionProperties) = preSolution
		HideSolutionNode = FALSE
	EndGlobalSection
	GlobalSection(ExtensibilityGlobals) = postSolution
		SolutionGuid = {EEE9A96F-7F84-4F7F-81F8-80382870F09C}
	EndGlobalSection
EndGlobal
